
Microsoft Visual Studio Solution File, Format Version 12.00
Project("{FAE04EC0-301F-11D3-BF4B-00C04F79EFBC}") = "CheckPoint01", "CheckPoint01\CheckPoint01.csproj", "{D72AF109-6A17-46BA-A953-B62BAD13143C}"
EndProject
Global
	GlobalSection(SolutionConfigurationPlatforms) = preSolution
		Debug|Any CPU = Debug|Any CPU
		Release|Any CPU = Release|Any CPU
	EndGlobalSection
	GlobalSection(ProjectConfigurationPlatforms) = postSolution
		{D72AF109-6A17-46BA-A953-B62BAD13143C}.Debug|Any CPU.ActiveCfg = Debug|Any CPU
		{D72AF109-6A17-46BA-A953-B62BAD13143C}.Debug|Any CPU.Build.0 = Debug|Any CPU
		{D72AF109-6A17-46BA-A953-B62BAD13143C}.Release|Any CPU.ActiveCfg = Release|Any CPU
		{D72AF109-6A17-46BA-A953-B62BAD13143C}.Release|Any CPU.Build.0 = Release|Any CPU
	EndGlobalSection
EndGlobal
